
Microsoft Visual Studio Solution File, Format Version 12.00
# Visual Studio 14
VisualStudioVersion = 14.0.25420.1
MinimumVisualStudioVersion = 10.0.40219.1
Project("{FAE04EC0-301F-11D3-BF4B-00C04F79EFBC}") = "XamarinApplication", "XamarinApplication\XamarinApplication\XamarinApplication.csproj", "{2F5874C4-4398-4738-91FC-81A5DF776D25}"
EndProject
Project("{FAE04EC0-301F-11D3-BF4B-00C04F79EFBC}") = "XamarinApplication.Droid", "XamarinApplication\XamarinApplication.Droid\XamarinApplication.Droid.csproj", "{13B0BF15-D50A-4513-80D6-0BCA7C09D3C1}"
EndProject
Project("{FAE04EC0-301F-11D3-BF4B-00C04F79EFBC}") = "XamarinApplication.iOS", "XamarinApplication\XamarinApplication.iOS\XamarinApplication.iOS.csproj", "{FA87C9B3-2EC0-47DE-8279-5CF120AA15DB}"
EndProject
Project("{FAE04EC0-301F-11D3-BF4B-00C04F79EFBC}") = "XamarinApplication.WinPhone", "XamarinApplication\XamarinApplication.WinPhone\XamarinApplication.WinPhone.csproj", "{A9D2AB2A-A357-4FBD-A988-032383027A25}"
EndProject
Project("{FAE04EC0-301F-11D3-BF4B-00C04F79EFBC}") = "XamarinApplication.Windows", "XamarinApplication\XamarinApplication.Windows\XamarinApplication.Windows.csproj", "{2C4008F8-5AD4-4114-8201-AAC039F01EFE}"
EndProject
Global
	GlobalSection(SolutionConfigurationPlatforms) = preSolution
		Ad-Hoc|Any CPU = Ad-Hoc|Any CPU
		Ad-Hoc|ARM = Ad-Hoc|ARM
		Ad-Hoc|iPhone = Ad-Hoc|iPhone
		Ad-Hoc|iPhoneSimulator = Ad-Hoc|iPhoneSimulator
		Ad-Hoc|x64 = Ad-Hoc|x64
		Ad-Hoc|x86 = Ad-Hoc|x86
		AppStore|Any CPU = AppStore|Any CPU
		AppStore|ARM = AppStore|ARM
		AppStore|iPhone = AppStore|iPhone
		AppStore|iPhoneSimulator = AppStore|iPhoneSimulator
		AppStore|x64 = AppStore|x64
		AppStore|x86 = AppStore|x86
		Debug|Any CPU = Debug|Any CPU
		Debug|ARM = Debug|ARM
		Debug|iPhone = Debug|iPhone
		Debug|iPhoneSimulator = Debug|iPhoneSimulator
		Debug|x64 = Debug|x64
		Debug|x86 = Debug|x86
		Release|Any CPU = Release|Any CPU
		Release|ARM = Release|ARM
		Release|iPhone = Release|iPhone
		Release|iPhoneSimulator = Release|iPhoneSimulator
		Release|x64 = Release|x64
		Release|x86 = Release|x86
	EndGlobalSection
	GlobalSection(ProjectConfigurationPlatforms) = postSolution
		{2F5874C4-4398-4738-91FC-81A5DF776D25}.Ad-Hoc|Any CPU.ActiveCfg = Release|Any CPU
		{2F5874C4-4398-4738-91FC-81A5DF776D25}.Ad-Hoc|Any CPU.Build.0 = Release|Any CPU
		{2F5874C4-4398-4738-91FC-81A5DF776D25}.Ad-Hoc|ARM.ActiveCfg = Release|Any CPU
		{2F5874C4-4398-4738-91FC-81A5DF776D25}.Ad-Hoc|ARM.Build.0 = Release|Any CPU
		{2F5874C4-4398-4738-91FC-81A5DF776D25}.Ad-Hoc|iPhone.ActiveCfg = Release|Any CPU
		{2F5874C4-4398-4738-91FC-81A5DF776D25}.Ad-Hoc|iPhone.Build.0 = Release|Any CPU
		{2F5874C4-4398-4738-91FC-81A5DF776D25}.Ad-Hoc|iPhoneSimulator.ActiveCfg = Release|Any CPU
		{2F5874C4-4398-4738-91FC-81A5DF776D25}.Ad-Hoc|iPhoneSimulator.Build.0 = Release|Any CPU
		{2F5874C4-4398-4738-91FC-81A5DF776D25}.Ad-Hoc|x64.ActiveCfg = Release|Any CPU
		{2F5874C4-4398-4738-91FC-81A5DF776D25}.Ad-Hoc|x64.Build.0 = Release|Any CPU
		{2F5874C4-4398-4738-91FC-81A5DF776D25}.Ad-Hoc|x86.ActiveCfg = Release|Any CPU
		{2F5874C4-4398-4738-91FC-81A5DF776D25}.Ad-Hoc|x86.Build.0 = Release|Any CPU
		{2F5874C4-4398-4738-91FC-81A5DF776D25}.AppStore|Any CPU.ActiveCfg = Release|Any CPU
		{2F5874C4-4398-4738-91FC-81A5DF776D25}.AppStore|Any CPU.Build.0 = Release|Any CPU
		{2F5874C4-4398-4738-91FC-81A5DF776D25}.AppStore|ARM.ActiveCfg = Release|Any CPU
		{2F5874C4-4398-4738-91FC-81A5DF776D25}.AppStore|ARM.Build.0 = Release|Any CPU
		{2F5874C4-4398-4738-91FC-81A5DF776D25}.AppStore|iPhone.ActiveCfg = Release|Any CPU
		{2F5874C4-4398-4738-91FC-81A5DF776D25}.AppStore|iPhone.Build.0 = Release|Any CPU
		{2F5874C4-4398-4738-91FC-81A5DF776D25}.AppStore|iPhoneSimulator.ActiveCfg = Release|Any CPU
		{2F5874C4-4398-4738-91FC-81A5DF776D25}.AppStore|iPhoneSimulator.Build.0 = Release|Any CPU
		{2F5874C4-4398-4738-91FC-81A5DF776D25}.AppStore|x64.ActiveCfg = Release|Any CPU
		{2F5874C4-4398-4738-91FC-81A5DF776D25}.AppStore|x64.Build.0 = Release|Any CPU
		{2F5874C4-4398-4738-91FC-81A5DF776D25}.AppStore|x86.ActiveCfg = Release|Any CPU
		{2F5874C4-4398-4738-91FC-81A5DF776D25}.AppStore|x86.Build.0 = Release|Any CPU
		{2F5874C4-4398-4738-91FC-81A5DF776D25}.Debug|Any CPU.ActiveCfg = Debug|Any CPU
		{2F5874C4-4398-4738-91FC-81A5DF776D25}.Debug|Any CPU.Build.0 = Debug|Any CPU
		{2F5874C4-4398-4738-91FC-81A5DF776D25}.Debug|ARM.ActiveCfg = Debug|Any CPU
		{2F5874C4-4398-4738-91FC-81A5DF776D25}.Debug|ARM.Build.0 = Debug|Any CPU
		{2F5874C4-4398-4738-91FC-81A5DF776D25}.Debug|iPhone.ActiveCfg = Debug|Any CPU
		{2F5874C4-4398-4738-91FC-81A5DF776D25}.Debug|iPhone.Build.0 = Debug|Any CPU
		{2F5874C4-4398-4738-91FC-81A5DF776D25}.Debug|iPhoneSimulator.ActiveCfg = Debug|Any CPU
		{2F5874C4-4398-4738-91FC-81A5DF776D25}.Debug|iPhoneSimulator.Build.0 = Debug|Any CPU
		{2F5874C4-4398-4738-91FC-81A5DF776D25}.Debug|x64.ActiveCfg = Debug|Any CPU
		{2F5874C4-4398-4738-91FC-81A5DF776D25}.Debug|x64.Build.0 = Debug|Any CPU
		{2F5874C4-4398-4738-91FC-81A5DF776D25}.Debug|x86.ActiveCfg = Debug|Any CPU
		{2F5874C4-4398-4738-91FC-81A5DF776D25}.Debug|x86.Build.0 = Debug|Any CPU
		{2F5874C4-4398-4738-91FC-81A5DF776D25}.Release|Any CPU.ActiveCfg = Release|Any CPU
		{2F5874C4-4398-4738-91FC-81A5DF776D25}.Release|Any CPU.Build.0 = Release|Any CPU
		{2F5874C4-4398-4738-91FC-81A5DF776D25}.Release|ARM.ActiveCfg = Release|Any CPU
		{2F5874C4-4398-4738-91FC-81A5DF776D25}.Release|ARM.Build.0 = Release|Any CPU
		{2F5874C4-4398-4738-91FC-81A5DF776D25}.Release|iPhone.ActiveCfg = Release|Any CPU
		{2F5874C4-4398-4738-91FC-81A5DF776D25}.Release|iPhone.Build.0 = Release|Any CPU
		{2F5874C4-4398-4738-91FC-81A5DF776D25}.Release|iPhoneSimulator.ActiveCfg = Release|Any CPU
		{2F5874C4-4398-4738-91FC-81A5DF776D25}.Release|iPhoneSimulator.Build.0 = Release|Any CPU
		{2F5874C4-4398-4738-91FC-81A5DF776D25}.Release|x64.ActiveCfg = Release|Any CPU
		{2F5874C4-4398-4738-91FC-81A5DF776D25}.Release|x64.Build.0 = Release|Any CPU
		{2F5874C4-4398-4738-91FC-81A5DF776D25}.Release|x86.ActiveCfg = Release|Any CPU
		{2F5874C4-4398-4738-91FC-81A5DF776D25}.Release|x86.Build.0 = Release|Any CPU
		{13B0BF15-D50A-4513-80D6-0BCA7C09D3C1}.Ad-Hoc|Any CPU.ActiveCfg = Release|Any CPU
		{13B0BF15-D50A-4513-80D6-0BCA7C09D3C1}.Ad-Hoc|Any CPU.Build.0 = Release|Any CPU
		{13B0BF15-D50A-4513-80D6-0BCA7C09D3C1}.Ad-Hoc|Any CPU.Deploy.0 = Release|Any CPU
		{13B0BF15-D50A-4513-80D6-0BCA7C09D3C1}.Ad-Hoc|ARM.ActiveCfg = Release|Any CPU
		{13B0BF15-D50A-4513-80D6-0BCA7C09D3C1}.Ad-Hoc|ARM.Build.0 = Release|Any CPU
		{13B0BF15-D50A-4513-80D6-0BCA7C09D3C1}.Ad-Hoc|ARM.Deploy.0 = Release|Any CPU
		{13B0BF15-D50A-4513-80D6-0BCA7C09D3C1}.Ad-Hoc|iPhone.ActiveCfg = Release|Any CPU
		{13B0BF15-D50A-4513-80D6-0BCA7C09D3C1}.Ad-Hoc|iPhone.Build.0 = Release|Any CPU
		{13B0BF15-D50A-4513-80D6-0BCA7C09D3C1}.Ad-Hoc|iPhone.Deploy.0 = Release|Any CPU
		{13B0BF15-D50A-4513-80D6-0BCA7C09D3C1}.Ad-Hoc|iPhoneSimulator.ActiveCfg = Release|Any CPU
		{13B0BF15-D50A-4513-80D6-0BCA7C09D3C1}.Ad-Hoc|iPhoneSimulator.Build.0 = Release|Any CPU
		{13B0BF15-D50A-4513-80D6-0BCA7C09D3C1}.Ad-Hoc|iPhoneSimulator.Deploy.0 = Release|Any CPU
		{13B0BF15-D50A-4513-80D6-0BCA7C09D3C1}.Ad-Hoc|x64.ActiveCfg = Release|Any CPU
		{13B0BF15-D50A-4513-80D6-0BCA7C09D3C1}.Ad-Hoc|x64.Build.0 = Release|Any CPU
		{13B0BF15-D50A-4513-80D6-0BCA7C09D3C1}.Ad-Hoc|x64.Deploy.0 = Release|Any CPU
		{13B0BF15-D50A-4513-80D6-0BCA7C09D3C1}.Ad-Hoc|x86.ActiveCfg = Release|Any CPU
		{13B0BF15-D50A-4513-80D6-0BCA7C09D3C1}.Ad-Hoc|x86.Build.0 = Release|Any CPU
		{13B0BF15-D50A-4513-80D6-0BCA7C09D3C1}.Ad-Hoc|x86.Deploy.0 = Release|Any CPU
		{13B0BF15-D50A-4513-80D6-0BCA7C09D3C1}.AppStore|Any CPU.ActiveCfg = Release|Any CPU
		{13B0BF15-D50A-4513-80D6-0BCA7C09D3C1}.AppStore|Any CPU.Build.0 = Release|Any CPU
		{13B0BF15-D50A-4513-80D6-0BCA7C09D3C1}.AppStore|Any CPU.Deploy.0 = Release|Any CPU
		{13B0BF15-D50A-4513-80D6-0BCA7C09D3C1}.AppStore|ARM.ActiveCfg = Release|Any CPU
		{13B0BF15-D50A-4513-80D6-0BCA7C09D3C1}.AppStore|ARM.Build.0 = Release|Any CPU
		{13B0BF15-D50A-4513-80D6-0BCA7C09D3C1}.AppStore|ARM.Deploy.0 = Release|Any CPU
		{13B0BF15-D50A-4513-80D6-0BCA7C09D3C1}.AppStore|iPhone.ActiveCfg = Release|Any CPU
		{13B0BF15-D50A-4513-80D6-0BCA7C09D3C1}.AppStore|iPhone.Build.0 = Release|Any CPU
		{13B0BF15-D50A-4513-80D6-0BCA7C09D3C1}.AppStore|iPhone.Deploy.0 = Release|Any CPU
		{13B0BF15-D50A-4513-80D6-0BCA7C09D3C1}.AppStore|iPhoneSimulator.ActiveCfg = Release|Any CPU
		{13B0BF15-D50A-4513-80D6-0BCA7C09D3C1}.AppStore|iPhoneSimulator.Build.0 = Release|Any CPU
		{13B0BF15-D50A-4513-80D6-0BCA7C09D3C1}.AppStore|iPhoneSimulator.Deploy.0 = Release|Any CPU
		{13B0BF15-D50A-4513-80D6-0BCA7C09D3C1}.AppStore|x64.ActiveCfg = Release|Any CPU
		{13B0BF15-D50A-4513-80D6-0BCA7C09D3C1}.AppStore|x64.Build.0 = Release|Any CPU
		{13B0BF15-D50A-4513-80D6-0BCA7C09D3C1}.AppStore|x64.Deploy.0 = Release|Any CPU
		{13B0BF15-D50A-4513-80D6-0BCA7C09D3C1}.AppStore|x86.ActiveCfg = Release|Any CPU
		{13B0BF15-D50A-4513-80D6-0BCA7C09D3C1}.AppStore|x86.Build.0 = Release|Any CPU
		{13B0BF15-D50A-4513-80D6-0BCA7C09D3C1}.AppStore|x86.Deploy.0 = Release|Any CPU
		{13B0BF15-D50A-4513-80D6-0BCA7C09D3C1}.Debug|Any CPU.ActiveCfg = Debug|Any CPU
		{13B0BF15-D50A-4513-80D6-0BCA7C09D3C1}.Debug|Any CPU.Build.0 = Debug|Any CPU
		{13B0BF15-D50A-4513-80D6-0BCA7C09D3C1}.Debug|Any CPU.Deploy.0 = Debug|Any CPU
		{13B0BF15-D50A-4513-80D6-0BCA7C09D3C1}.Debug|ARM.ActiveCfg = Debug|Any CPU
		{13B0BF15-D50A-4513-80D6-0BCA7C09D3C1}.Debug|ARM.Build.0 = Debug|Any CPU
		{13B0BF15-D50A-4513-80D6-0BCA7C09D3C1}.Debug|ARM.Deploy.0 = Debug|Any CPU
		{13B0BF15-D50A-4513-80D6-0BCA7C09D3C1}.Debug|iPhone.ActiveCfg = Debug|Any CPU
		{13B0BF15-D50A-4513-80D6-0BCA7C09D3C1}.Debug|iPhone.Build.0 = Debug|Any CPU
		{13B0BF15-D50A-4513-80D6-0BCA7C09D3C1}.Debug|iPhone.Deploy.0 = Debug|Any CPU
		{13B0BF15-D50A-4513-80D6-0BCA7C09D3C1}.Debug|iPhoneSimulator.ActiveCfg = Debug|Any CPU
		{13B0BF15-D50A-4513-80D6-0BCA7C09D3C1}.Debug|iPhoneSimulator.Build.0 = Debug|Any CPU
		{13B0BF15-D50A-4513-80D6-0BCA7C09D3C1}.Debug|iPhoneSimulator.Deploy.0 = Debug|Any CPU
		{13B0BF15-D50A-4513-80D6-0BCA7C09D3C1}.Debug|x64.ActiveCfg = Debug|Any CPU
		{13B0BF15-D50A-4513-80D6-0BCA7C09D3C1}.Debug|x64.Build.0 = Debug|Any CPU
		{13B0BF15-D50A-4513-80D6-0BCA7C09D3C1}.Debug|x64.Deploy.0 = Debug|Any CPU
		{13B0BF15-D50A-4513-80D6-0BCA7C09D3C1}.Debug|x86.ActiveCfg = Debug|Any CPU
		{13B0BF15-D50A-4513-80D6-0BCA7C09D3C1}.Debug|x86.Build.0 = Debug|Any CPU
		{13B0BF15-D50A-4513-80D6-0BCA7C09D3C1}.Debug|x86.Deploy.0 = Debug|Any CPU
		{13B0BF15-D50A-4513-80D6-0BCA7C09D3C1}.Release|Any CPU.ActiveCfg = Release|Any CPU
		{13B0BF15-D50A-4513-80D6-0BCA7C09D3C1}.Release|Any CPU.Build.0 = Release|Any CPU
		{13B0BF15-D50A-4513-80D6-0BCA7C09D3C1}.Release|Any CPU.Deploy.0 = Release|Any CPU
		{13B0BF15-D50A-4513-80D6-0BCA7C09D3C1}.Release|ARM.ActiveCfg = Release|Any CPU
		{13B0BF15-D50A-4513-80D6-0BCA7C09D3C1}.Release|ARM.Build.0 = Release|Any CPU
		{13B0BF15-D50A-4513-80D6-0BCA7C09D3C1}.Release|ARM.Deploy.0 = Release|Any CPU
		{13B0BF15-D50A-4513-80D6-0BCA7C09D3C1}.Release|iPhone.ActiveCfg = Release|Any CPU
		{13B0BF15-D50A-4513-80D6-0BCA7C09D3C1}.Release|iPhone.Build.0 = Release|Any CPU
		{13B0BF15-D50A-4513-80D6-0BCA7C09D3C1}.Release|iPhone.Deploy.0 = Release|Any CPU
		{13B0BF15-D50A-4513-80D6-0BCA7C09D3C1}.Release|iPhoneSimulator.ActiveCfg = Release|Any CPU
		{13B0BF15-D50A-4513-80D6-0BCA7C09D3C1}.Release|iPhoneSimulator.Build.0 = Release|Any CPU
		{13B0BF15-D50A-4513-80D6-0BCA7C09D3C1}.Release|iPhoneSimulator.Deploy.0 = Release|Any CPU
		{13B0BF15-D50A-4513-80D6-0BCA7C09D3C1}.Release|x64.ActiveCfg = Release|Any CPU
		{13B0BF15-D50A-4513-80D6-0BCA7C09D3C1}.Release|x64.Build.0 = Release|Any CPU
		{13B0BF15-D50A-4513-80D6-0BCA7C09D3C1}.Release|x64.Deploy.0 = Release|Any CPU
		{13B0BF15-D50A-4513-80D6-0BCA7C09D3C1}.Release|x86.ActiveCfg = Release|Any CPU
		{13B0BF15-D50A-4513-80D6-0BCA7C09D3C1}.Release|x86.Build.0 = Release|Any CPU
		{13B0BF15-D50A-4513-80D6-0BCA7C09D3C1}.Release|x86.Deploy.0 = Release|Any CPU
		{FA87C9B3-2EC0-47DE-8279-5CF120AA15DB}.Ad-Hoc|Any CPU.ActiveCfg = Ad-Hoc|iPhone
		{FA87C9B3-2EC0-47DE-8279-5CF120AA15DB}.Ad-Hoc|ARM.ActiveCfg = Ad-Hoc|iPhone
		{FA87C9B3-2EC0-47DE-8279-5CF120AA15DB}.Ad-Hoc|iPhone.ActiveCfg = Ad-Hoc|iPhone
		{FA87C9B3-2EC0-47DE-8279-5CF120AA15DB}.Ad-Hoc|iPhone.Build.0 = Ad-Hoc|iPhone
		{FA87C9B3-2EC0-47DE-8279-5CF120AA15DB}.Ad-Hoc|iPhoneSimulator.ActiveCfg = Ad-Hoc|iPhoneSimulator
		{FA87C9B3-2EC0-47DE-8279-5CF120AA15DB}.Ad-Hoc|iPhoneSimulator.Build.0 = Ad-Hoc|iPhoneSimulator
		{FA87C9B3-2EC0-47DE-8279-5CF120AA15DB}.Ad-Hoc|x64.ActiveCfg = Ad-Hoc|iPhone
		{FA87C9B3-2EC0-47DE-8279-5CF120AA15DB}.Ad-Hoc|x86.ActiveCfg = Ad-Hoc|iPhone
		{FA87C9B3-2EC0-47DE-8279-5CF120AA15DB}.AppStore|Any CPU.ActiveCfg = AppStore|iPhone
		{FA87C9B3-2EC0-47DE-8279-5CF120AA15DB}.AppStore|ARM.ActiveCfg = AppStore|iPhone
		{FA87C9B3-2EC0-47DE-8279-5CF120AA15DB}.AppStore|iPhone.ActiveCfg = AppStore|iPhone
		{FA87C9B3-2EC0-47DE-8279-5CF120AA15DB}.AppStore|iPhone.Build.0 = AppStore|iPhone
		{FA87C9B3-2EC0-47DE-8279-5CF120AA15DB}.AppStore|iPhoneSimulator.ActiveCfg = AppStore|iPhoneSimulator
		{FA87C9B3-2EC0-47DE-8279-5CF120AA15DB}.AppStore|iPhoneSimulator.Build.0 = AppStore|iPhoneSimulator
		{FA87C9B3-2EC0-47DE-8279-5CF120AA15DB}.AppStore|x64.ActiveCfg = AppStore|iPhone
		{FA87C9B3-2EC0-47DE-8279-5CF120AA15DB}.AppStore|x86.ActiveCfg = AppStore|iPhone
		{FA87C9B3-2EC0-47DE-8279-5CF120AA15DB}.Debug|Any CPU.ActiveCfg = Debug|iPhone
		{FA87C9B3-2EC0-47DE-8279-5CF120AA15DB}.Debug|ARM.ActiveCfg = Debug|iPhone
		{FA87C9B3-2EC0-47DE-8279-5CF120AA15DB}.Debug|iPhone.ActiveCfg = Debug|iPhone
		{FA87C9B3-2EC0-47DE-8279-5CF120AA15DB}.Debug|iPhone.Build.0 = Debug|iPhone
		{FA87C9B3-2EC0-47DE-8279-5CF120AA15DB}.Debug|iPhoneSimulator.ActiveCfg = Debug|iPhoneSimulator
		{FA87C9B3-2EC0-47DE-8279-5CF120AA15DB}.Debug|iPhoneSimulator.Build.0 = Debug|iPhoneSimulator
		{FA87C9B3-2EC0-47DE-8279-5CF120AA15DB}.Debug|x64.ActiveCfg = Debug|iPhone
		{FA87C9B3-2EC0-47DE-8279-5CF120AA15DB}.Debug|x86.ActiveCfg = Debug|iPhone
		{FA87C9B3-2EC0-47DE-8279-5CF120AA15DB}.Release|Any CPU.ActiveCfg = Release|iPhone
		{FA87C9B3-2EC0-47DE-8279-5CF120AA15DB}.Release|ARM.ActiveCfg = Release|iPhone
		{FA87C9B3-2EC0-47DE-8279-5CF120AA15DB}.Release|iPhone.ActiveCfg = Release|iPhone
		{FA87C9B3-2EC0-47DE-8279-5CF120AA15DB}.Release|iPhone.Build.0 = Release|iPhone
		{FA87C9B3-2EC0-47DE-8279-5CF120AA15DB}.Release|iPhoneSimulator.ActiveCfg = Release|iPhoneSimulator
		{FA87C9B3-2EC0-47DE-8279-5CF120AA15DB}.Release|iPhoneSimulator.Build.0 = Release|iPhoneSimulator
		{FA87C9B3-2EC0-47DE-8279-5CF120AA15DB}.Release|x64.ActiveCfg = Release|iPhone
		{FA87C9B3-2EC0-47DE-8279-5CF120AA15DB}.Release|x86.ActiveCfg = Release|iPhone
		{A9D2AB2A-A357-4FBD-A988-032383027A25}.Ad-Hoc|Any CPU.ActiveCfg = Release|Any CPU
		{A9D2AB2A-A357-4FBD-A988-032383027A25}.Ad-Hoc|Any CPU.Build.0 = Release|Any CPU
		{A9D2AB2A-A357-4FBD-A988-032383027A25}.Ad-Hoc|Any CPU.Deploy.0 = Release|Any CPU
		{A9D2AB2A-A357-4FBD-A988-032383027A25}.Ad-Hoc|ARM.ActiveCfg = Release|ARM
		{A9D2AB2A-A357-4FBD-A988-032383027A25}.Ad-Hoc|ARM.Build.0 = Release|ARM
		{A9D2AB2A-A357-4FBD-A988-032383027A25}.Ad-Hoc|ARM.Deploy.0 = Release|ARM
		{A9D2AB2A-A357-4FBD-A988-032383027A25}.Ad-Hoc|iPhone.ActiveCfg = Release|Any CPU
		{A9D2AB2A-A357-4FBD-A988-032383027A25}.Ad-Hoc|iPhone.Build.0 = Release|Any CPU
		{A9D2AB2A-A357-4FBD-A988-032383027A25}.Ad-Hoc|iPhone.Deploy.0 = Release|Any CPU
		{A9D2AB2A-A357-4FBD-A988-032383027A25}.Ad-Hoc|iPhoneSimulator.ActiveCfg = Release|Any CPU
		{A9D2AB2A-A357-4FBD-A988-032383027A25}.Ad-Hoc|iPhoneSimulator.Build.0 = Release|Any CPU
		{A9D2AB2A-A357-4FBD-A988-032383027A25}.Ad-Hoc|iPhoneSimulator.Deploy.0 = Release|Any CPU
		{A9D2AB2A-A357-4FBD-A988-032383027A25}.Ad-Hoc|x64.ActiveCfg = Release|Any CPU
		{A9D2AB2A-A357-4FBD-A988-032383027A25}.Ad-Hoc|x64.Build.0 = Release|Any CPU
		{A9D2AB2A-A357-4FBD-A988-032383027A25}.Ad-Hoc|x64.Deploy.0 = Release|Any CPU
		{A9D2AB2A-A357-4FBD-A988-032383027A25}.Ad-Hoc|x86.ActiveCfg = Release|x86
		{A9D2AB2A-A357-4FBD-A988-032383027A25}.Ad-Hoc|x86.Build.0 = Release|x86
		{A9D2AB2A-A357-4FBD-A988-032383027A25}.Ad-Hoc|x86.Deploy.0 = Release|x86
		{A9D2AB2A-A357-4FBD-A988-032383027A25}.AppStore|Any CPU.ActiveCfg = Release|Any CPU
		{A9D2AB2A-A357-4FBD-A988-032383027A25}.AppStore|Any CPU.Build.0 = Release|Any CPU
		{A9D2AB2A-A357-4FBD-A988-032383027A25}.AppStore|Any CPU.Deploy.0 = Release|Any CPU
		{A9D2AB2A-A357-4FBD-A988-032383027A25}.AppStore|ARM.ActiveCfg = Release|ARM
		{A9D2AB2A-A357-4FBD-A988-032383027A25}.AppStore|ARM.Build.0 = Release|ARM
		{A9D2AB2A-A357-4FBD-A988-032383027A25}.AppStore|ARM.Deploy.0 = Release|ARM
		{A9D2AB2A-A357-4FBD-A988-032383027A25}.AppStore|iPhone.ActiveCfg = Release|Any CPU
		{A9D2AB2A-A357-4FBD-A988-032383027A25}.AppStore|iPhone.Build.0 = Release|Any CPU
		{A9D2AB2A-A357-4FBD-A988-032383027A25}.AppStore|iPhone.Deploy.0 = Release|Any CPU
		{A9D2AB2A-A357-4FBD-A988-032383027A25}.AppStore|iPhoneSimulator.ActiveCfg = Release|Any CPU
		{A9D2AB2A-A357-4FBD-A988-032383027A25}.AppStore|iPhoneSimulator.Build.0 = Release|Any CPU
		{A9D2AB2A-A357-4FBD-A988-032383027A25}.AppStore|iPhoneSimulator.Deploy.0 = Release|Any CPU
		{A9D2AB2A-A357-4FBD-A988-032383027A25}.AppStore|x64.ActiveCfg = Release|Any CPU
		{A9D2AB2A-A357-4FBD-A988-032383027A25}.AppStore|x64.Build.0 = Release|Any CPU
		{A9D2AB2A-A357-4FBD-A988-032383027A25}.AppStore|x64.Deploy.0 = Release|Any CPU
		{A9D2AB2A-A357-4FBD-A988-032383027A25}.AppStore|x86.ActiveCfg = Release|x86
		{A9D2AB2A-A357-4FBD-A988-032383027A25}.AppStore|x86.Build.0 = Release|x86
		{A9D2AB2A-A357-4FBD-A988-032383027A25}.AppStore|x86.Deploy.0 = Release|x86
		{A9D2AB2A-A357-4FBD-A988-032383027A25}.Debug|Any CPU.ActiveCfg = Debug|Any CPU
		{A9D2AB2A-A357-4FBD-A988-032383027A25}.Debug|Any CPU.Build.0 = Debug|Any CPU
		{A9D2AB2A-A357-4FBD-A988-032383027A25}.Debug|Any CPU.Deploy.0 = Debug|Any CPU
		{A9D2AB2A-A357-4FBD-A988-032383027A25}.Debug|ARM.ActiveCfg = Debug|ARM
		{A9D2AB2A-A357-4FBD-A988-032383027A25}.Debug|ARM.Build.0 = Debug|ARM
		{A9D2AB2A-A357-4FBD-A988-032383027A25}.Debug|ARM.Deploy.0 = Debug|ARM
		{A9D2AB2A-A357-4FBD-A988-032383027A25}.Debug|iPhone.ActiveCfg = Debug|Any CPU
		{A9D2AB2A-A357-4FBD-A988-032383027A25}.Debug|iPhone.Build.0 = Debug|Any CPU
		{A9D2AB2A-A357-4FBD-A988-032383027A25}.Debug|iPhone.Deploy.0 = Debug|Any CPU
		{A9D2AB2A-A357-4FBD-A988-032383027A25}.Debug|iPhoneSimulator.ActiveCfg = Debug|Any CPU
		{A9D2AB2A-A357-4FBD-A988-032383027A25}.Debug|iPhoneSimulator.Build.0 = Debug|Any CPU
		{A9D2AB2A-A357-4FBD-A988-032383027A25}.Debug|iPhoneSimulator.Deploy.0 = Debug|Any CPU
		{A9D2AB2A-A357-4FBD-A988-032383027A25}.Debug|x64.ActiveCfg = Debug|Any CPU
		{A9D2AB2A-A357-4FBD-A988-032383027A25}.Debug|x64.Build.0 = Debug|Any CPU
		{A9D2AB2A-A357-4FBD-A988-032383027A25}.Debug|x64.Deploy.0 = Debug|Any CPU
		{A9D2AB2A-A357-4FBD-A988-032383027A25}.Debug|x86.ActiveCfg = Debug|x86
		{A9D2AB2A-A357-4FBD-A988-032383027A25}.Debug|x86.Build.0 = Debug|x86
		{A9D2AB2A-A357-4FBD-A988-032383027A25}.Debug|x86.Deploy.0 = Debug|x86
		{A9D2AB2A-A357-4FBD-A988-032383027A25}.Release|Any CPU.ActiveCfg = Release|Any CPU
		{A9D2AB2A-A357-4FBD-A988-032383027A25}.Release|Any CPU.Build.0 = Release|Any CPU
		{A9D2AB2A-A357-4FBD-A988-032383027A25}.Release|Any CPU.Deploy.0 = Release|Any CPU
		{A9D2AB2A-A357-4FBD-A988-032383027A25}.Release|ARM.ActiveCfg = Release|ARM
		{A9D2AB2A-A357-4FBD-A988-032383027A25}.Release|ARM.Build.0 = Release|ARM
		{A9D2AB2A-A357-4FBD-A988-032383027A25}.Release|ARM.Deploy.0 = Release|ARM
		{A9D2AB2A-A357-4FBD-A988-032383027A25}.Release|iPhone.ActiveCfg = Release|Any CPU
		{A9D2AB2A-A357-4FBD-A988-032383027A25}.Release|iPhone.Build.0 = Release|Any CPU
		{A9D2AB2A-A357-4FBD-A988-032383027A25}.Release|iPhone.Deploy.0 = Release|Any CPU
		{A9D2AB2A-A357-4FBD-A988-032383027A25}.Release|iPhoneSimulator.ActiveCfg = Release|Any CPU
		{A9D2AB2A-A357-4FBD-A988-032383027A25}.Release|iPhoneSimulator.Build.0 = Release|Any CPU
		{A9D2AB2A-A357-4FBD-A988-032383027A25}.Release|iPhoneSimulator.Deploy.0 = Release|Any CPU
		{A9D2AB2A-A357-4FBD-A988-032383027A25}.Release|x64.ActiveCfg = Release|Any CPU
		{A9D2AB2A-A357-4FBD-A988-032383027A25}.Release|x64.Build.0 = Release|Any CPU
		{A9D2AB2A-A357-4FBD-A988-032383027A25}.Release|x64.Deploy.0 = Release|Any CPU
		{A9D2AB2A-A357-4FBD-A988-032383027A25}.Release|x86.ActiveCfg = Release|x86
		{A9D2AB2A-A357-4FBD-A988-032383027A25}.Release|x86.Build.0 = Release|x86
		{A9D2AB2A-A357-4FBD-A988-032383027A25}.Release|x86.Deploy.0 = Release|x86
		{2C4008F8-5AD4-4114-8201-AAC039F01EFE}.Ad-Hoc|Any CPU.ActiveCfg = Release|Any CPU
		{2C4008F8-5AD4-4114-8201-AAC039F01EFE}.Ad-Hoc|Any CPU.Build.0 = Release|Any CPU
		{2C4008F8-5AD4-4114-8201-AAC039F01EFE}.Ad-Hoc|Any CPU.Deploy.0 = Release|Any CPU
		{2C4008F8-5AD4-4114-8201-AAC039F01EFE}.Ad-Hoc|ARM.ActiveCfg = Release|ARM
		{2C4008F8-5AD4-4114-8201-AAC039F01EFE}.Ad-Hoc|ARM.Build.0 = Release|ARM
		{2C4008F8-5AD4-4114-8201-AAC039F01EFE}.Ad-Hoc|ARM.Deploy.0 = Release|ARM
		{2C4008F8-5AD4-4114-8201-AAC039F01EFE}.Ad-Hoc|iPhone.ActiveCfg = Release|Any CPU
		{2C4008F8-5AD4-4114-8201-AAC039F01EFE}.Ad-Hoc|iPhone.Build.0 = Release|Any CPU
		{2C4008F8-5AD4-4114-8201-AAC039F01EFE}.Ad-Hoc|iPhone.Deploy.0 = Release|Any CPU
		{2C4008F8-5AD4-4114-8201-AAC039F01EFE}.Ad-Hoc|iPhoneSimulator.ActiveCfg = Release|Any CPU
		{2C4008F8-5AD4-4114-8201-AAC039F01EFE}.Ad-Hoc|iPhoneSimulator.Build.0 = Release|Any CPU
		{2C4008F8-5AD4-4114-8201-AAC039F01EFE}.Ad-Hoc|iPhoneSimulator.Deploy.0 = Release|Any CPU
		{2C4008F8-5AD4-4114-8201-AAC039F01EFE}.Ad-Hoc|x64.ActiveCfg = Release|x64
		{2C4008F8-5AD4-4114-8201-AAC039F01EFE}.Ad-Hoc|x64.Build.0 = Release|x64
		{2C4008F8-5AD4-4114-8201-AAC039F01EFE}.Ad-Hoc|x64.Deploy.0 = Release|x64
		{2C4008F8-5AD4-4114-8201-AAC039F01EFE}.Ad-Hoc|x86.ActiveCfg = Release|x86
		{2C4008F8-5AD4-4114-8201-AAC039F01EFE}.Ad-Hoc|x86.Build.0 = Release|x86
		{2C4008F8-5AD4-4114-8201-AAC039F01EFE}.Ad-Hoc|x86.Deploy.0 = Release|x86
		{2C4008F8-5AD4-4114-8201-AAC039F01EFE}.AppStore|Any CPU.ActiveCfg = Release|Any CPU
		{2C4008F8-5AD4-4114-8201-AAC039F01EFE}.AppStore|Any CPU.Build.0 = Release|Any CPU
		{2C4008F8-5AD4-4114-8201-AAC039F01EFE}.AppStore|Any CPU.Deploy.0 = Release|Any CPU
		{2C4008F8-5AD4-4114-8201-AAC039F01EFE}.AppStore|ARM.ActiveCfg = Release|ARM
		{2C4008F8-5AD4-4114-8201-AAC039F01EFE}.AppStore|ARM.Build.0 = Release|ARM
		{2C4008F8-5AD4-4114-8201-AAC039F01EFE}.AppStore|ARM.Deploy.0 = Release|ARM
		{2C4008F8-5AD4-4114-8201-AAC039F01EFE}.AppStore|iPhone.ActiveCfg = Release|Any CPU
		{2C4008F8-5AD4-4114-8201-AAC039F01EFE}.AppStore|iPhone.Build.0 = Release|Any CPU
		{2C4008F8-5AD4-4114-8201-AAC039F01EFE}.AppStore|iPhone.Deploy.0 = Release|Any CPU
		{2C4008F8-5AD4-4114-8201-AAC039F01EFE}.AppStore|iPhoneSimulator.ActiveCfg = Release|Any CPU
		{2C4008F8-5AD4-4114-8201-AAC039F01EFE}.AppStore|iPhoneSimulator.Build.0 = Release|Any CPU
		{2C4008F8-5AD4-4114-8201-AAC039F01EFE}.AppStore|iPhoneSimulator.Deploy.0 = Release|Any CPU
		{2C4008F8-5AD4-4114-8201-AAC039F01EFE}.AppStore|x64.ActiveCfg = Release|x64
		{2C4008F8-5AD4-4114-8201-AAC039F01EFE}.AppStore|x64.Build.0 = Release|x64
		{2C4008F8-5AD4-4114-8201-AAC039F01EFE}.AppStore|x64.Deploy.0 = Release|x64
		{2C4008F8-5AD4-4114-8201-AAC039F01EFE}.AppStore|x86.ActiveCfg = Release|x86
		{2C4008F8-5AD4-4114-8201-AAC039F01EFE}.AppStore|x86.Build.0 = Release|x86
		{2C4008F8-5AD4-4114-8201-AAC039F01EFE}.AppStore|x86.Deploy.0 = Release|x86
		{2C4008F8-5AD4-4114-8201-AAC039F01EFE}.Debug|Any CPU.ActiveCfg = Debug|Any CPU
		{2C4008F8-5AD4-4114-8201-AAC039F01EFE}.Debug|Any CPU.Build.0 = Debug|Any CPU
		{2C4008F8-5AD4-4114-8201-AAC039F01EFE}.Debug|Any CPU.Deploy.0 = Debug|Any CPU
		{2C4008F8-5AD4-4114-8201-AAC039F01EFE}.Debug|ARM.ActiveCfg = Debug|ARM
		{2C4008F8-5AD4-4114-8201-AAC039F01EFE}.Debug|ARM.Build.0 = Debug|ARM
		{2C4008F8-5AD4-4114-8201-AAC039F01EFE}.Debug|ARM.Deploy.0 = Debug|ARM
		{2C4008F8-5AD4-4114-8201-AAC039F01EFE}.Debug|iPhone.ActiveCfg = Debug|Any CPU
		{2C4008F8-5AD4-4114-8201-AAC039F01EFE}.Debug|iPhone.Build.0 = Debug|Any CPU
		{2C4008F8-5AD4-4114-8201-AAC039F01EFE}.Debug|iPhone.Deploy.0 = Debug|Any CPU
		{2C4008F8-5AD4-4114-8201-AAC039F01EFE}.Debug|iPhoneSimulator.ActiveCfg = Debug|Any CPU
		{2C4008F8-5AD4-4114-8201-AAC039F01EFE}.Debug|iPhoneSimulator.Build.0 = Debug|Any CPU
		{2C4008F8-5AD4-4114-8201-AAC039F01EFE}.Debug|iPhoneSimulator.Deploy.0 = Debug|Any CPU
		{2C4008F8-5AD4-4114-8201-AAC039F01EFE}.Debug|x64.ActiveCfg = Debug|x64
		{2C4008F8-5AD4-4114-8201-AAC039F01EFE}.Debug|x64.Build.0 = Debug|x64
		{2C4008F8-5AD4-4114-8201-AAC039F01EFE}.Debug|x64.Deploy.0 = Debug|x64
		{2C4008F8-5AD4-4114-8201-AAC039F01EFE}.Debug|x86.ActiveCfg = Debug|x86
		{2C4008F8-5AD4-4114-8201-AAC039F01EFE}.Debug|x86.Build.0 = Debug|x86
		{2C4008F8-5AD4-4114-8201-AAC039F01EFE}.Debug|x86.Deploy.0 = Debug|x86
		{2C4008F8-5AD4-4114-8201-AAC039F01EFE}.Release|Any CPU.ActiveCfg = Release|Any CPU
		{2C4008F8-5AD4-4114-8201-AAC039F01EFE}.Release|Any CPU.Build.0 = Release|Any CPU
		{2C4008F8-5AD4-4114-8201-AAC039F01EFE}.Release|Any CPU.Deploy.0 = Release|Any CPU
		{2C4008F8-5AD4-4114-8201-AAC039F01EFE}.Release|ARM.ActiveCfg = Release|ARM
		{2C4008F8-5AD4-4114-8201-AAC039F01EFE}.Release|ARM.Build.0 = Release|ARM
		{2C4008F8-5AD4-4114-8201-AAC039F01EFE}.Release|ARM.Deploy.0 = Release|ARM
		{2C4008F8-5AD4-4114-8201-AAC039F01EFE}.Release|iPhone.ActiveCfg = Release|Any CPU
		{2C4008F8-5AD4-4114-8201-AAC039F01EFE}.Release|iPhone.Build.0 = Release|Any CPU
		{2C4008F8-5AD4-4114-8201-AAC039F01EFE}.Release|iPhone.Deploy.0 = Release|Any CPU
		{2C4008F8-5AD4-4114-8201-AAC039F01EFE}.Release|iPhoneSimulator.ActiveCfg = Release|Any CPU
		{2C4008F8-5AD4-4114-8201-AAC039F01EFE}.Release|iPhoneSimulator.Build.0 = Release|Any CPU
		{2C4008F8-5AD4-4114-8201-AAC039F01EFE}.Release|iPhoneSimulator.Deploy.0 = Release|Any CPU
		{2C4008F8-5AD4-4114-8201-AAC039F01EFE}.Release|x64.ActiveCfg = Release|x64
		{2C4008F8-5AD4-4114-8201-AAC039F01EFE}.Release|x64.Build.0 = Release|x64
		{2C4008F8-5AD4-4114-8201-AAC039F01EFE}.Release|x64.Deploy.0 = Release|x64
		{2C4008F8-5AD4-4114-8201-AAC039F01EFE}.Release|x86.ActiveCfg = Release|x86
		{2C4008F8-5AD4-4114-8201-AAC039F01EFE}.Release|x86.Build.0 = Release|x86
		{2C4008F8-5AD4-4114-8201-AAC039F01EFE}.Release|x86.Deploy.0 = Release|x86
	EndGlobalSection
	GlobalSection(SolutionProperties) = preSolution
		HideSolutionNode = FALSE
	EndGlobalSection
EndGlobal
